
Microsoft Visual Studio Solution File, Format Version 12.00
# Visual Studio 15
VisualStudioVersion = 15.0.28307.271
MinimumVisualStudioVersion = 10.0.40219.1
Project("{9A19103F-16F7-4668-BE54-9A1E7A4F7556}") = "ProjectTreinritten", "ProjectTreinritten\ProjectTreinritten.csproj", "{49B278B2-7A41-454F-86AC-A22D44D2F424}"
EndProject
Project("{FAE04EC0-301F-11D3-BF4B-00C04F79EFBC}") = "ProjectTreinritten.Repository", "ProjectTreinritten.Repository\ProjectTreinritten.Repository.csproj", "{BA28DC4F-6C77-4EB5-A514-098C519987AD}"
EndProject
Project("{FAE04EC0-301F-11D3-BF4B-00C04F79EFBC}") = "ProjectTreinritten.Domain", "ProjectTreinritten.Domain\ProjectTreinritten.Domain.csproj", "{352BDFA3-2D92-4E6D-A5FD-767CEBA5BCBA}"
EndProject
Project("{FAE04EC0-301F-11D3-BF4B-00C04F79EFBC}") = "ProjectTreinritten.Service", "ProjectTreinritten.Service\ProjectTreinritten.Service.csproj", "{F0A38DA4-DD43-47A2-A7FE-F2188926CCB8}"
EndProject
Global
	GlobalSection(SolutionConfigurationPlatforms) = preSolution
		Debug|Any CPU = Debug|Any CPU
		Release|Any CPU = Release|Any CPU
	EndGlobalSection
	GlobalSection(ProjectConfigurationPlatforms) = postSolution
		{49B278B2-7A41-454F-86AC-A22D44D2F424}.Debug|Any CPU.ActiveCfg = Debug|Any CPU
		{49B278B2-7A41-454F-86AC-A22D44D2F424}.Debug|Any CPU.Build.0 = Debug|Any CPU
		{49B278B2-7A41-454F-86AC-A22D44D2F424}.Release|Any CPU.ActiveCfg = Release|Any CPU
		{49B278B2-7A41-454F-86AC-A22D44D2F424}.Release|Any CPU.Build.0 = Release|Any CPU
		{BA28DC4F-6C77-4EB5-A514-098C519987AD}.Debug|Any CPU.ActiveCfg = Debug|Any CPU
		{BA28DC4F-6C77-4EB5-A514-098C519987AD}.Debug|Any CPU.Build.0 = Debug|Any CPU
		{BA28DC4F-6C77-4EB5-A514-098C519987AD}.Release|Any CPU.ActiveCfg = Release|Any CPU
		{BA28DC4F-6C77-4EB5-A514-098C519987AD}.Release|Any CPU.Build.0 = Release|Any CPU
		{352BDFA3-2D92-4E6D-A5FD-767CEBA5BCBA}.Debug|Any CPU.ActiveCfg = Debug|Any CPU
		{352BDFA3-2D92-4E6D-A5FD-767CEBA5BCBA}.Debug|Any CPU.Build.0 = Debug|Any CPU
		{352BDFA3-2D92-4E6D-A5FD-767CEBA5BCBA}.Release|Any CPU.ActiveCfg = Release|Any CPU
		{352BDFA3-2D92-4E6D-A5FD-767CEBA5BCBA}.Release|Any CPU.Build.0 = Release|Any CPU
		{F0A38DA4-DD43-47A2-A7FE-F2188926CCB8}.Debug|Any CPU.ActiveCfg = Debug|Any CPU
		{F0A38DA4-DD43-47A2-A7FE-F2188926CCB8}.Debug|Any CPU.Build.0 = Debug|Any CPU
		{F0A38DA4-DD43-47A2-A7FE-F2188926CCB8}.Release|Any CPU.ActiveCfg = Release|Any CPU
		{F0A38DA4-DD43-47A2-A7FE-F2188926CCB8}.Release|Any CPU.Build.0 = Release|Any CPU
	EndGlobalSection
	GlobalSection(SolutionProperties) = preSolution
		HideSolutionNode = FALSE
	EndGlobalSection
	GlobalSection(ExtensibilityGlobals) = postSolution
		SolutionGuid = {E8236C98-DE24-436B-99CC-1848970A3A22}
	EndGlobalSection
EndGlobal
