
Microsoft Visual Studio Solution File, Format Version 12.00
# Visual Studio 15
VisualStudioVersion = 15.0.28307.271
MinimumVisualStudioVersion = 10.0.40219.1
Project("{FAE04EC0-301F-11D3-BF4B-00C04F79EFBC}") = "ProjectTreinritten", "ProjectTreinritten\ProjectTreinritten.csproj", "{49B278B2-7A41-454F-86AC-A22D44D2F424}"
EndProject
Global
	GlobalSection(SolutionConfigurationPlatforms) = preSolution
		Debug|Any CPU = Debug|Any CPU
		Release|Any CPU = Release|Any CPU
	EndGlobalSection
	GlobalSection(ProjectConfigurationPlatforms) = postSolution
		{49B278B2-7A41-454F-86AC-A22D44D2F424}.Debug|Any CPU.ActiveCfg = Debug|Any CPU
		{49B278B2-7A41-454F-86AC-A22D44D2F424}.Debug|Any CPU.Build.0 = Debug|Any CPU
		{49B278B2-7A41-454F-86AC-A22D44D2F424}.Release|Any CPU.ActiveCfg = Release|Any CPU
		{49B278B2-7A41-454F-86AC-A22D44D2F424}.Release|Any CPU.Build.0 = Release|Any CPU
	EndGlobalSection
	GlobalSection(SolutionProperties) = preSolution
		HideSolutionNode = FALSE
	EndGlobalSection
	GlobalSection(ExtensibilityGlobals) = postSolution
		SolutionGuid = {E8236C98-DE24-436B-99CC-1848970A3A22}
	EndGlobalSection
EndGlobal
